{
    "_readme": [
        "This file locks the dependencies of your project to a known state",
        "Read more about it at https://getcomposer.org/doc/01-basic-usage.md#installing-dependencies",
        "This file is @generated automatically"
    ],
    "content-hash": "0eb39b2cf511c708bd78ca8ab69940b5",
    "packages": [
        {
            "name": "luracast/restler",
            "version": "3.0.0",
            "source": {
                "type": "git",
                "url": "https://github.com/Luracast/Restler.git",
                "reference": "87197eb53b2e429288e9a94d1f0ca9a03d5fbd6c"
            },
            "dist": {
                "type": "zip",
                "url": "https://api.github.com/repos/Luracast/Restler/zipball/87197eb53b2e429288e9a94d1f0ca9a03d5fbd6c",
                "reference": "87197eb53b2e429288e9a94d1f0ca9a03d5fbd6c",
                "shasum": ""
            },
            "require": {
                "php": ">=5.3.0"
            },
            "conflict": {
                "restler/framework": "3.*"
            },
            "require-dev": {
                "behat/behat": "2.5.*@stable",
                "bshaffer/oauth2-server-php": "v1.0",
                "guzzle/guzzle": "~3.1.1",
                "illuminate/view": "4.2.*",
                "luracast/explorer": "*",
                "mustache/mustache": "dev-master",
                "rodneyrehm/plist": "dev-master",
                "symfony/yaml": "*",
                "twig/twig": "v1.13.0",
                "zendframework/zendamf": "dev-master"
            },
            "suggest": {
                "behat/behat": "Behaviour driven development testing framework (see require-dev for details)",
                "bshaffer/oauth2-server-php": "Restler can provide OAuth2 authentication using this library (see require-dev for details)",
                "guzzle/guzzle": "RESTful api HTTP client framework (see require-dev for details)",
                "illuminate/view": "Restler can render HtmlView using laravel blade templates (see require-dev for details)",
                "luracast/explorer": "Restler's very own api explorer (see require-dev for details)",
                "mustache/mustache": "Restler can render HtmlView using mustache/handlebar templates (see require-dev for details)",
                "rodneyrehm/plist": "Restler supports tho Apple plist xml format (see require-dev for details)",
                "symfony/yaml": "Restler can produce content in yaml format as well (see require-dev for details)",
                "twig/twig": "Restler can render HtmlView using twig templates (see require-dev for details)",
                "zendframework/zendamf": "Support for the amf document format  (see require-dev for details)"
            },
            "type": "library",
            "extra": {
                "branch-alias": {
                    "v3": "v3.0.x-dev"
                }
            },
            "autoload": {
                "psr-0": {
                    "Luracast\\Restler": "vendor/"
                }
            },
            "notification-url": "https://packagist.org/downloads/",
            "license": [
                "LGPL-2.1"
            ],
            "authors": [
                {
                    "name": "Luracast",
                    "email": "arul@luracast.com"
                },
                {
                    "name": "Nick nickl- Lombard",
                    "email": "github@jigsoft.co.za"
                }
            ],
            "description": "Restler is a simple and effective multi-format Web API Server framework written in PHP. Just deal with your business logic in php, Restler will take care of the REST!",
            "homepage": "http://luracast.com/products/restler/",
            "keywords": [
                "api",
                "framework",
                "rest",
                "server"
            ],
            "time": "2019-05-12T15:05:48+00:00"
        }
    ],
    "packages-dev": [],
    "aliases": [],
    "minimum-stability": "stable",
    "stability-flags": [],
    "prefer-stable": false,
    "prefer-lowest": false,
    "platform": [],
    "platform-dev": []
}
